// !$*UTF8*$!
{
	archiveVersion = 1;
	classes = {
	};
	objectVersion = 50;
	objects = {

/* Begin PBXBuildFile section */
		EDE70414227C5B4A0043F0F8 /* GTISecureCard.m in Sources */ = {isa = PBXBuildFile; fileRef = EDE70413227C5B4A0043F0F8 /* GTISecureCard.m */; };
		EDE70415227C5B4A0043F0F8 /* GTISecureCard.h in CopyFiles */ = {isa = PBXBuildFile; fileRef = EDE70412227C5B4A0043F0F8 /* GTISecureCard.h */; };
		EDE7041F227C64A60043F0F8 /* libcrypto.a in Frameworks */ = {isa = PBXBuildFile; fileRef = EDE7041C227C64A40043F0F8 /* libcrypto.a */; };
		EDE70420227C64A60043F0F8 /* GTTknP11.framework in Frameworks */ = {isa = PBXBuildFile; fileRef = EDE7041D227C64A50043F0F8 /* GTTknP11.framework */; };
		EDE70421227C64A60043F0F8 /* libGTTknP11.a in Frameworks */ = {isa = PBXBuildFile; fileRef = EDE7041E227C64A60043F0F8 /* libGTTknP11.a */; };
/* End PBXBuildFile section */

/* Begin PBXCopyFilesBuildPhase section */
		EDE7040D227C5B4A0043F0F8 /* CopyFiles */ = {
			isa = PBXCopyFilesBuildPhase;
			buildActionMask = 2147483647;
			dstPath = "include/$(PRODUCT_NAME)";
			dstSubfolderSpec = 16;
			files = (
				EDE70415227C5B4A0043F0F8 /* GTISecureCard.h in CopyFiles */,
			);
			runOnlyForDeploymentPostprocessing = 0;
		};
/* End PBXCopyFilesBuildPhase section */

/* Begin PBXFileReference section */
		EDE7040F227C5B4A0043F0F8 /* libGTISecureCard.a */ = {isa = PBXFileReference; explicitFileType = archive.ar; includeInIndex = 0; path = libGTISecureCard.a; sourceTree = BUILT_PRODUCTS_DIR; };
		EDE70412227C5B4A0043F0F8 /* GTISecureCard.h */ = {isa = PBXFileReference; lastKnownFileType = sourcecode.c.h; path = GTISecureCard.h; sourceTree = "<group>"; };
		EDE70413227C5B4A0043F0F8 /* GTISecureCard.m */ = {isa = PBXFileReference; lastKnownFileType = sourcecode.c.objc; path = GTISecureCard.m; sourceTree = "<group>"; };
		EDE7041C227C64A40043F0F8 /* libcrypto.a */ = {isa = PBXFileReference; lastKnownFileType = archive.ar; path = libcrypto.a; sourceTree = "<group>"; };
		EDE7041D227C64A50043F0F8 /* GTTknP11.framework */ = {isa = PBXFileReference; lastKnownFileType = wrapper.framework; path = GTTknP11.framework; sourceTree = "<group>"; };
		EDE7041E227C64A60043F0F8 /* libGTTknP11.a */ = {isa = PBXFileReference; lastKnownFileType = archive.ar; path = libGTTknP11.a; sourceTree = "<group>"; };
/* End PBXFileReference section */

/* Begin PBXFrameworksBuildPhase section */
		EDE7040C227C5B4A0043F0F8 /* Frameworks */ = {
			isa = PBXFrameworksBuildPhase;
			buildActionMask = 2147483647;
			files = (
				EDE70421227C64A60043F0F8 /* libGTTknP11.a in Frameworks */,
				EDE70420227C64A60043F0F8 /* GTTknP11.framework in Frameworks */,
				EDE7041F227C64A60043F0F8 /* libcrypto.a in Frameworks */,
			);
			runOnlyForDeploymentPostprocessing = 0;
		};
/* End PBXFrameworksBuildPhase section */

/* Begin PBXGroup section */
		EDE70406227C5B4A0043F0F8 = {
			isa = PBXGroup;
			children = (
				EDE7041B227C64970043F0F8 /* Frameworks */,
				EDE70411227C5B4A0043F0F8 /* GTISecureCard */,
				EDE70410227C5B4A0043F0F8 /* Products */,
			);
			sourceTree = "<group>";
		};
		EDE70410227C5B4A0043F0F8 /* Products */ = {
			isa = PBXGroup;
			children = (
				EDE7040F227C5B4A0043F0F8 /* libGTISecureCard.a */,
			);
			name = Products;
			sourceTree = "<group>";
		};
		EDE70411227C5B4A0043F0F8 /* GTISecureCard */ = {
			isa = PBXGroup;
			children = (
				EDE70412227C5B4A0043F0F8 /* GTISecureCard.h */,
				EDE70413227C5B4A0043F0F8 /* GTISecureCard.m */,
			);
			path = GTISecureCard;
			sourceTree = "<group>";
		};
		EDE7041B227C64970043F0F8 /* Frameworks */ = {
			isa = PBXGroup;
			children = (
				EDE7041D227C64A50043F0F8 /* GTTknP11.framework */,
				EDE7041C227C64A40043F0F8 /* libcrypto.a */,
				EDE7041E227C64A60043F0F8 /* libGTTknP11.a */,
			);
			path = Frameworks;
			sourceTree = "<group>";
		};
/* End PBXGroup section */

/* Begin PBXNativeTarget section */
		EDE7040E227C5B4A0043F0F8 /* GTISecureCard */ = {
			isa = PBXNativeTarget;
			buildConfigurationList = EDE70418227C5B4A0043F0F8 /* Build configuration list for PBXNativeTarget "GTISecureCard" */;
			buildPhases = (
				EDE7040B227C5B4A0043F0F8 /* Sources */,
				EDE7040C227C5B4A0043F0F8 /* Frameworks */,
				EDE7040D227C5B4A0043F0F8 /* CopyFiles */,
			);
			buildRules = (
			);
			dependencies = (
			);
			name = GTISecureCard;
			productName = GTISecureCard;
			productReference = EDE7040F227C5B4A0043F0F8 /* libGTISecureCard.a */;
			productType = "com.apple.product-type.library.static";
		};
/* End PBXNativeTarget section */

/* Begin PBXProject section */
		EDE70407227C5B4A0043F0F8 /* Project object */ = {
			isa = PBXProject;
			attributes = {
				LastUpgradeCheck = 1020;
				ORGANIZATIONNAME = "Quan Pham";
				TargetAttributes = {
					EDE7040E227C5B4A0043F0F8 = {
						CreatedOnToolsVersion = 10.2.1;
					};
				};
			};
			buildConfigurationList = EDE7040A227C5B4A0043F0F8 /* Build configuration list for PBXProject "GTISecureCard" */;
			compatibilityVersion = "Xcode 9.3";
			developmentRegion = en;
			hasScannedForEncodings = 0;
			knownRegions = (
				en,
			);
			mainGroup = EDE70406227C5B4A0043F0F8;
			productRefGroup = EDE70410227C5B4A0043F0F8 /* Products */;
			projectDirPath = "";
			projectRoot = "";
			targets = (
				EDE7040E227C5B4A0043F0F8 /* GTISecureCard */,
			);
		};
/* End PBXProject section */

/* Begin PBXSourcesBuildPhase section */
		EDE7040B227C5B4A0043F0F8 /* Sources */ = {
			isa = PBXSourcesBuildPhase;
			buildActionMask = 2147483647;
			files = (
				EDE70414227C5B4A0043F0F8 /* GTISecureCard.m in Sources */,
			);
			runOnlyForDeploymentPostprocessing = 0;
		};
/* End PBXSourcesBuildPhase section */

/* Begin XCBuildConfiguration section */
		EDE70416227C5B4A0043F0F8 /* Debug */ = {
			isa = XCBuildConfiguration;
			buildSettings = {
				ALWAYS_SEARCH_USER_PATHS = NO;
				CLANG_ANALYZER_NONNULL = YES;
				CLANG_ANALYZER_NUMBER_OBJECT_CONVERSION = YES_AGGRESSIVE;
				CLANG_CXX_LANGUAGE_STANDARD = "gnu++14";
				CLANG_CXX_LIBRARY = "libc++";
				CLANG_ENABLE_MODULES = YES;
				CLANG_ENABLE_OBJC_ARC = YES;
				CLANG_ENABLE_OBJC_WEAK = YES;
				CLANG_WARN_BLOCK_CAPTURE_AUTORELEASING = YES;
				CLANG_WARN_BOOL_CONVERSION = YES;
				CLANG_WARN_COMMA = YES;
				CLANG_WARN_CONSTANT_CONVERSION = YES;
				CLANG_WARN_DEPRECATED_OBJC_IMPLEMENTATIONS = YES;
				CLANG_WARN_DIRECT_OBJC_ISA_USAGE = YES_ERROR;
				CLANG_WARN_DOCUMENTATION_COMMENTS = YES;
				CLANG_WARN_EMPTY_BODY = YES;
				CLANG_WARN_ENUM_CONVERSION = YES;
				CLANG_WARN_INFINITE_RECURSION = YES;
				CLANG_WARN_INT_CONVERSION = YES;
				CLANG_WARN_NON_LITERAL_NULL_CONVERSION = YES;
				CLANG_WARN_OBJC_IMPLICIT_RETAIN_SELF = YES;
				CLANG_WARN_OBJC_LITERAL_CONVERSION = YES;
				CLANG_WARN_OBJC_ROOT_CLASS = YES_ERROR;
				CLANG_WARN_RANGE_LOOP_ANALYSIS = YES;
				CLANG_WARN_STRICT_PROTOTYPES = YES;
				CLANG_WARN_SUSPICIOUS_MOVE = YES;
				CLANG_WARN_UNGUARDED_AVAILABILITY = YES_AGGRESSIVE;
				CLANG_WARN_UNREACHABLE_CODE = YES;
				CLANG_WARN__DUPLICATE_METHOD_MATCH = YES;
				CODE_SIGN_IDENTITY = "iPhone Developer";
				COPY_PHASE_STRIP = NO;
				DEBUG_INFORMATION_FORMAT = dwarf;
				ENABLE_STRICT_OBJC_MSGSEND = YES;
				ENABLE_TESTABILITY = YES;
				GCC_C_LANGUAGE_STANDARD = gnu11;
				GCC_DYNAMIC_NO_PIC = NO;
				GCC_NO_COMMON_BLOCKS = YES;
				GCC_OPTIMIZATION_LEVEL = 0;
				GCC_PREPROCESSOR_DEFINITIONS = (
					"DEBUG=1",
					"$(inherited)",
				);
				GCC_WARN_64_TO_32_BIT_CONVERSION = YES;
				GCC_WARN_ABOUT_RETURN_TYPE = YES_ERROR;
				GCC_WARN_UNDECLARED_SELECTOR = YES;
				GCC_WARN_UNINITIALIZED_AUTOS = YES_AGGRESSIVE;
				GCC_WARN_UNUSED_FUNCTION = YES;
				GCC_WARN_UNUSED_VARIABLE = YES;
				IPHONEOS_DEPLOYMENT_TARGET = 9.0;
				MTL_ENABLE_DEBUG_INFO = INCLUDE_SOURCE;
				MTL_FAST_MATH = YES;
				ONLY_ACTIVE_ARCH = YES;
				SDKROOT = iphoneos;
			};
			name = Debug;
		};
		EDE70417227C5B4A0043F0F8 /* Release */ = {
			isa = XCBuildConfiguration;
			buildSettings = {
				ALWAYS_SEARCH_USER_PATHS = NO;
				CLANG_ANALYZER_NONNULL = YES;
				CLANG_ANALYZER_NUMBER_OBJECT_CONVERSION = YES_AGGRESSIVE;
				CLANG_CXX_LANGUAGE_STANDARD = "gnu++14";
				CLANG_CXX_LIBRARY = "libc++";
				CLANG_ENABLE_MODULES = YES;
				CLANG_ENABLE_OBJC_ARC = YES;
				CLANG_ENABLE_OBJC_WEAK = YES;
				CLANG_WARN_BLOCK_CAPTURE_AUTORELEASING = YES;
				CLANG_WARN_BOOL_CONVERSION = YES;
				CLANG_WARN_COMMA = YES;
				CLANG_WARN_CONSTANT_CONVERSION = YES;
				CLANG_WARN_DEPRECATED_OBJC_IMPLEMENTATIONS = YES;
				CLANG_WARN_DIRECT_OBJC_ISA_USAGE = YES_ERROR;
				CLANG_WARN_DOCUMENTATION_COMMENTS = YES;
				CLANG_WARN_EMPTY_BODY = YES;
				CLANG_WARN_ENUM_CONVERSION = YES;
				CLANG_WARN_INFINITE_RECURSION = YES;
				CLANG_WARN_INT_CONVERSION = YES;
				CLANG_WARN_NON_LITERAL_NULL_CONVERSION = YES;
				CLANG_WARN_OBJC_IMPLICIT_RETAIN_SELF = YES;
				CLANG_WARN_OBJC_LITERAL_CONVERSION = YES;
				CLANG_WARN_OBJC_ROOT_CLASS = YES_ERROR;
				CLANG_WARN_RANGE_LOOP_ANALYSIS = YES;
				CLANG_WARN_STRICT_PROTOTYPES = YES;
				CLANG_WARN_SUSPICIOUS_MOVE = YES;
				CLANG_WARN_UNGUARDED_AVAILABILITY = YES_AGGRESSIVE;
				CLANG_WARN_UNREACHABLE_CODE = YES;
				CLANG_WARN__DUPLICATE_METHOD_MATCH = YES;
				CODE_SIGN_IDENTITY = "iPhone Developer";
				COPY_PHASE_STRIP = NO;
				DEBUG_INFORMATION_FORMAT = "dwarf-with-dsym";
				ENABLE_NS_ASSERTIONS = NO;
				ENABLE_STRICT_OBJC_MSGSEND = YES;
				GCC_C_LANGUAGE_STANDARD = gnu11;
				GCC_NO_COMMON_BLOCKS = YES;
				GCC_WARN_64_TO_32_BIT_CONVERSION = YES;
				GCC_WARN_ABOUT_RETURN_TYPE = YES_ERROR;
				GCC_WARN_UNDECLARED_SELECTOR = YES;
				GCC_WARN_UNINITIALIZED_AUTOS = YES_AGGRESSIVE;
				GCC_WARN_UNUSED_FUNCTION = YES;
				GCC_WARN_UNUSED_VARIABLE = YES;
				IPHONEOS_DEPLOYMENT_TARGET = 9.0;
				MTL_ENABLE_DEBUG_INFO = NO;
				MTL_FAST_MATH = YES;
				SDKROOT = iphoneos;
				VALIDATE_PRODUCT = YES;
			};
			name = Release;
		};
		EDE70419227C5B4A0043F0F8 /* Debug */ = {
			isa = XCBuildConfiguration;
			buildSettings = {
				CODE_SIGN_STYLE = Automatic;
				FRAMEWORK_SEARCH_PATHS = (
					"$(inherited)",
					"$(PROJECT_DIR)/Frameworks",
				);
				LIBRARY_SEARCH_PATHS = (
					"$(inherited)",
					"$(PROJECT_DIR)/Frameworks",
				);
				OTHER_LDFLAGS = "-ObjC";
				PRODUCT_NAME = "$(TARGET_NAME)";
				SKIP_INSTALL = YES;
				TARGETED_DEVICE_FAMILY = "1,2";
			};
			name = Debug;
		};
		EDE7041A227C5B4A0043F0F8 /* Release */ = {
			isa = XCBuildConfiguration;
			buildSettings = {
				CODE_SIGN_STYLE = Automatic;
				FRAMEWORK_SEARCH_PATHS = (
					"$(inherited)",
					"$(PROJECT_DIR)/Frameworks",
				);
				LIBRARY_SEARCH_PATHS = (
					"$(inherited)",
					"$(PROJECT_DIR)/Frameworks",
				);
				OTHER_LDFLAGS = "-ObjC";
				PRODUCT_NAME = "$(TARGET_NAME)";
				SKIP_INSTALL = YES;
				TARGETED_DEVICE_FAMILY = "1,2";
			};
			name = Release;
		};
/* End XCBuildConfiguration section */

/* Begin XCConfigurationList section */
		EDE7040A227C5B4A0043F0F8 /* Build configuration list for PBXProject "GTISecureCard" */ = {
			isa = XCConfigurationList;
			buildConfigurations = (
				EDE70416227C5B4A0043F0F8 /* Debug */,
				EDE70417227C5B4A0043F0F8 /* Release */,
			);
			defaultConfigurationIsVisible = 0;
			defaultConfigurationName = Release;
		};
		EDE70418227C5B4A0043F0F8 /* Build configuration list for PBXNativeTarget "GTISecureCard" */ = {
			isa = XCConfigurationList;
			buildConfigurations = (
				EDE70419227C5B4A0043F0F8 /* Debug */,
				EDE7041A227C5B4A0043F0F8 /* Release */,
			);
			defaultConfigurationIsVisible = 0;
			defaultConfigurationName = Release;
		};
/* End XCConfigurationList section */
	};
	rootObject = EDE70407227C5B4A0043F0F8 /* Project object */;
}
